
Microsoft Visual Studio Solution File, Format Version 12.00
# Visual Studio 15
VisualStudioVersion = 15.0.28307.960
MinimumVisualStudioVersion = 10.0.40219.1
Project("{FAE04EC0-301F-11D3-BF4B-00C04F79EFBC}") = "SwPI", "PIWorks\SwPI.csproj", "{424DD51E-6161-4637-AB6A-A6CC3B6FF569}"
EndProject
Global
	GlobalSection(SolutionConfigurationPlatforms) = preSolution
		Debug|Any CPU = Debug|Any CPU
		Release|Any CPU = Release|Any CPU
	EndGlobalSection
	GlobalSection(ProjectConfigurationPlatforms) = postSolution
		{424DD51E-6161-4637-AB6A-A6CC3B6FF569}.Debug|Any CPU.ActiveCfg = Debug|Any CPU
		{424DD51E-6161-4637-AB6A-A6CC3B6FF569}.Debug|Any CPU.Build.0 = Debug|Any CPU
		{424DD51E-6161-4637-AB6A-A6CC3B6FF569}.Release|Any CPU.ActiveCfg = Release|Any CPU
		{424DD51E-6161-4637-AB6A-A6CC3B6FF569}.Release|Any CPU.Build.0 = Release|Any CPU
	EndGlobalSection
	GlobalSection(SolutionProperties) = preSolution
		HideSolutionNode = FALSE
	EndGlobalSection
	GlobalSection(ExtensibilityGlobals) = postSolution
		SolutionGuid = {FE3C6ACE-AE7A-4C8E-9EA2-7BB25668F927}
	EndGlobalSection
EndGlobal
